
Microsoft Visual Studio Solution File, Format Version 11.00
# Visual Studio 2010
Project("{FAE04EC0-301F-11D3-BF4B-00C04F79EFBC}") = "Arcane.Compiler.Directives", "Arcane.Compiler.Directives\Arcane.Compiler.Directives.csproj", "{F2AEAB20-A02D-4DD9-ADE2-9AE9EFF6E47D}"
EndProject
Project("{FAE04EC0-301F-11D3-BF4B-00C04F79EFBC}") = "Arcane.Curves", "Arcane.Curves\Arcane.Curves.csproj", "{310913B1-DD40-4B4B-A5B4-8AC404FF5D99}"
EndProject
Project("{FAE04EC0-301F-11D3-BF4B-00C04F79EFBC}") = "Arcane.MatVec", "Arcane.MatVec\Arcane.MatVec\Arcane.MatVec.csproj", "{D37ACACE-DA32-4BC7-8BA0-2F60227FA33F}"
EndProject
Project("{FAE04EC0-301F-11D3-BF4B-00C04F79EFBC}") = "MatVecTest", "Arcane.MatVec\MatVecTest\MatVecTest.csproj", "{3096C539-6CA0-4F76-B242-011378297E70}"
EndProject
Project("{FAE04EC0-301F-11D3-BF4B-00C04F79EFBC}") = "Arcane.Utils", "Arcane.Utils\Arcane.Utils.csproj", "{EF977D86-13AE-47DB-9734-1C709BF4C36B}"
EndProject
Project("{FAE04EC0-301F-11D3-BF4B-00C04F79EFBC}") = "Arcane.Utils.Generator", "Arcane.Utils.Generator\Arcane.Utils.Generator.csproj", "{599BEC3E-68CA-46E3-9B36-72FE609C9AD8}"
EndProject
Project("{FAE04EC0-301F-11D3-BF4B-00C04F79EFBC}") = "VariableComparer", "VariableComparer\VariableComparer.csproj", "{E21C3102-FAA3-41B0-B801-15774F679A15}"
EndProject
Project("{FAE04EC0-301F-11D3-BF4B-00C04F79EFBC}") = "Arcane.Templates", "Arcane.Templates\Arcane.Templates.csproj", "{89A0CEE3-B9F4-47C9-9ECA-357F8B255571}"
EndProject
Project("{FAE04EC0-301F-11D3-BF4B-00C04F79EFBC}") = "Arcane.UnifiedDriver", "Arcane.UnifiedDriver\Arcane.UnifiedDriver.csproj", "{6F30281B-6A66-491C-8ED5-9728E75CA08B}"
EndProject
Project("{FAE04EC0-301F-11D3-BF4B-00C04F79EFBC}") = "Arcane.ExecDrivers", "Arcane.ExecDrivers\Arcane.ExecDrivers.csproj", "{56A1790C-5730-4152-9C08-311046BC91F4}"
EndProject
Global
	GlobalSection(SolutionConfigurationPlatforms) = preSolution
		Debug|Any CPU = Debug|Any CPU
		Release|Any CPU = Release|Any CPU
		Debug_64|Any CPU = Debug_64|Any CPU
		Release_64|Any CPU = Release_64|Any CPU
	EndGlobalSection
	GlobalSection(ProjectConfigurationPlatforms) = postSolution
		{3096C539-6CA0-4F76-B242-011378297E70}.Debug|Any CPU.ActiveCfg = Debug|Any CPU
		{3096C539-6CA0-4F76-B242-011378297E70}.Debug|Any CPU.Build.0 = Debug|Any CPU
		{3096C539-6CA0-4F76-B242-011378297E70}.Release|Any CPU.ActiveCfg = Release|Any CPU
		{3096C539-6CA0-4F76-B242-011378297E70}.Release|Any CPU.Build.0 = Release|Any CPU
		{310913B1-DD40-4B4B-A5B4-8AC404FF5D99}.Debug|Any CPU.ActiveCfg = Debug|Any CPU
		{310913B1-DD40-4B4B-A5B4-8AC404FF5D99}.Debug|Any CPU.Build.0 = Debug|Any CPU
		{310913B1-DD40-4B4B-A5B4-8AC404FF5D99}.Release|Any CPU.ActiveCfg = Release|Any CPU
		{310913B1-DD40-4B4B-A5B4-8AC404FF5D99}.Release|Any CPU.Build.0 = Release|Any CPU
		{599BEC3E-68CA-46E3-9B36-72FE609C9AD8}.Debug_64|Any CPU.ActiveCfg = Debug_64|Any CPU
		{599BEC3E-68CA-46E3-9B36-72FE609C9AD8}.Debug_64|Any CPU.Build.0 = Debug_64|Any CPU
		{599BEC3E-68CA-46E3-9B36-72FE609C9AD8}.Debug|Any CPU.ActiveCfg = Debug|Any CPU
		{599BEC3E-68CA-46E3-9B36-72FE609C9AD8}.Debug|Any CPU.Build.0 = Debug|Any CPU
		{599BEC3E-68CA-46E3-9B36-72FE609C9AD8}.Release_64|Any CPU.ActiveCfg = Release_64|Any CPU
		{599BEC3E-68CA-46E3-9B36-72FE609C9AD8}.Release_64|Any CPU.Build.0 = Release_64|Any CPU
		{599BEC3E-68CA-46E3-9B36-72FE609C9AD8}.Release|Any CPU.ActiveCfg = Release|Any CPU
		{599BEC3E-68CA-46E3-9B36-72FE609C9AD8}.Release|Any CPU.Build.0 = Release|Any CPU
		{D37ACACE-DA32-4BC7-8BA0-2F60227FA33F}.Debug|Any CPU.ActiveCfg = Debug|Any CPU
		{D37ACACE-DA32-4BC7-8BA0-2F60227FA33F}.Debug|Any CPU.Build.0 = Debug|Any CPU
		{D37ACACE-DA32-4BC7-8BA0-2F60227FA33F}.Release|Any CPU.ActiveCfg = Release|Any CPU
		{D37ACACE-DA32-4BC7-8BA0-2F60227FA33F}.Release|Any CPU.Build.0 = Release|Any CPU
		{E21C3102-FAA3-41B0-B801-15774F679A15}.Debug_64|Any CPU.ActiveCfg = Debug|Any CPU
		{E21C3102-FAA3-41B0-B801-15774F679A15}.Debug_64|Any CPU.Build.0 = Debug|Any CPU
		{E21C3102-FAA3-41B0-B801-15774F679A15}.Debug|Any CPU.ActiveCfg = Debug|Any CPU
		{E21C3102-FAA3-41B0-B801-15774F679A15}.Debug|Any CPU.Build.0 = Debug|Any CPU
		{E21C3102-FAA3-41B0-B801-15774F679A15}.Release_64|Any CPU.ActiveCfg = Debug|Any CPU
		{E21C3102-FAA3-41B0-B801-15774F679A15}.Release_64|Any CPU.Build.0 = Debug|Any CPU
		{E21C3102-FAA3-41B0-B801-15774F679A15}.Release|Any CPU.ActiveCfg = Release|Any CPU
		{E21C3102-FAA3-41B0-B801-15774F679A15}.Release|Any CPU.Build.0 = Release|Any CPU
		{EF977D86-13AE-47DB-9734-1C709BF4C36B}.Debug_64|Any CPU.ActiveCfg = Debug_64|Any CPU
		{EF977D86-13AE-47DB-9734-1C709BF4C36B}.Debug_64|Any CPU.Build.0 = Debug_64|Any CPU
		{EF977D86-13AE-47DB-9734-1C709BF4C36B}.Debug|Any CPU.ActiveCfg = Debug|Any CPU
		{EF977D86-13AE-47DB-9734-1C709BF4C36B}.Debug|Any CPU.Build.0 = Debug|Any CPU
		{EF977D86-13AE-47DB-9734-1C709BF4C36B}.Release_64|Any CPU.ActiveCfg = Release_64|Any CPU
		{EF977D86-13AE-47DB-9734-1C709BF4C36B}.Release_64|Any CPU.Build.0 = Release_64|Any CPU
		{EF977D86-13AE-47DB-9734-1C709BF4C36B}.Release|Any CPU.ActiveCfg = Release|Any CPU
		{EF977D86-13AE-47DB-9734-1C709BF4C36B}.Release|Any CPU.Build.0 = Release|Any CPU
		{F2AEAB20-A02D-4DD9-ADE2-9AE9EFF6E47D}.Debug|Any CPU.ActiveCfg = Debug|Any CPU
		{F2AEAB20-A02D-4DD9-ADE2-9AE9EFF6E47D}.Debug|Any CPU.Build.0 = Debug|Any CPU
		{F2AEAB20-A02D-4DD9-ADE2-9AE9EFF6E47D}.Release|Any CPU.ActiveCfg = Release|Any CPU
		{F2AEAB20-A02D-4DD9-ADE2-9AE9EFF6E47D}.Release|Any CPU.Build.0 = Release|Any CPU
		{89A0CEE3-B9F4-47C9-9ECA-357F8B255571}.Debug|Any CPU.ActiveCfg = Debug|Any CPU
		{89A0CEE3-B9F4-47C9-9ECA-357F8B255571}.Debug|Any CPU.Build.0 = Debug|Any CPU
		{89A0CEE3-B9F4-47C9-9ECA-357F8B255571}.Release|Any CPU.ActiveCfg = Release|Any CPU
		{89A0CEE3-B9F4-47C9-9ECA-357F8B255571}.Release|Any CPU.Build.0 = Release|Any CPU
		{89A0CEE3-B9F4-47C9-9ECA-357F8B255571}.Debug_64|Any CPU.ActiveCfg = Debug|Any CPU
		{89A0CEE3-B9F4-47C9-9ECA-357F8B255571}.Debug_64|Any CPU.Build.0 = Debug|Any CPU
		{89A0CEE3-B9F4-47C9-9ECA-357F8B255571}.Release_64|Any CPU.ActiveCfg = Debug|Any CPU
		{89A0CEE3-B9F4-47C9-9ECA-357F8B255571}.Release_64|Any CPU.Build.0 = Debug|Any CPU
		{6F30281B-6A66-491C-8ED5-9728E75CA08B}.Debug|Any CPU.ActiveCfg = Debug|Any CPU
		{6F30281B-6A66-491C-8ED5-9728E75CA08B}.Debug|Any CPU.Build.0 = Debug|Any CPU
		{6F30281B-6A66-491C-8ED5-9728E75CA08B}.Release|Any CPU.ActiveCfg = Release|Any CPU
		{6F30281B-6A66-491C-8ED5-9728E75CA08B}.Release|Any CPU.Build.0 = Release|Any CPU
		{6F30281B-6A66-491C-8ED5-9728E75CA08B}.Debug_64|Any CPU.ActiveCfg = Debug|Any CPU
		{6F30281B-6A66-491C-8ED5-9728E75CA08B}.Debug_64|Any CPU.Build.0 = Debug|Any CPU
		{6F30281B-6A66-491C-8ED5-9728E75CA08B}.Release_64|Any CPU.ActiveCfg = Debug|Any CPU
		{6F30281B-6A66-491C-8ED5-9728E75CA08B}.Release_64|Any CPU.Build.0 = Debug|Any CPU
		{56A1790C-5730-4152-9C08-311046BC91F4}.Debug|Any CPU.ActiveCfg = Debug|Any CPU
		{56A1790C-5730-4152-9C08-311046BC91F4}.Debug|Any CPU.Build.0 = Debug|Any CPU
		{56A1790C-5730-4152-9C08-311046BC91F4}.Release|Any CPU.ActiveCfg = Release|Any CPU
		{56A1790C-5730-4152-9C08-311046BC91F4}.Release|Any CPU.Build.0 = Release|Any CPU
		{56A1790C-5730-4152-9C08-311046BC91F4}.Debug_64|Any CPU.ActiveCfg = Debug|Any CPU
		{56A1790C-5730-4152-9C08-311046BC91F4}.Debug_64|Any CPU.Build.0 = Debug|Any CPU
		{56A1790C-5730-4152-9C08-311046BC91F4}.Release_64|Any CPU.ActiveCfg = Debug|Any CPU
		{56A1790C-5730-4152-9C08-311046BC91F4}.Release_64|Any CPU.Build.0 = Debug|Any CPU
	EndGlobalSection
	GlobalSection(MonoDevelopProperties) = preSolution
		StartupItem = Arcane.ExecDrivers\Arcane.ExecDrivers.TestDriver\Arcane.ExecDrivers.TestDriver.csproj
		Policies = $0
		$0.TextStylePolicy = $1
		$1.inheritsSet = null
		$1.scope = text/x-csharp
		$0.CSharpFormattingPolicy = $2
		$2.scope = text/x-csharp
		$2.IndentSwitchSection = False
		$2.NewLinesForBracesInProperties = False
		$2.NewLinesForBracesInAccessors = False
		$2.NewLinesForBracesInAnonymousMethods = False
		$2.NewLinesForBracesInControlBlocks = False
		$2.NewLinesForBracesInAnonymousTypes = False
		$2.NewLinesForBracesInObjectCollectionArrayInitializers = False
		$2.NewLinesForBracesInLambdaExpressionBody = False
		$2.NewLineForCatch = False
		$2.NewLineForFinally = False
		$2.NewLineForMembersInObjectInit = False
		$2.NewLineForMembersInAnonymousTypes = False
		$2.NewLineForClausesInQuery = False
		$2.SpaceBeforeOpenSquareBracket = True
	EndGlobalSection
EndGlobal
