
Microsoft Visual Studio Solution File, Format Version 11.00
# Visual Studio 2010
Project("{FAE04EC0-301F-11D3-BF4B-00C04F79EFBC}") = "Arcane.Axl", "Arcane.Axl.csproj", "{76B51885-D1BB-4C67-AD32-DCF21970BDB8}"
EndProject
Project("{FAE04EC0-301F-11D3-BF4B-00C04F79EFBC}") = "axl2cc", "axl2cc.csproj", "{968C9E40-15DB-4AA9-9E45-82FD64C4AC5D}"
EndProject
Project("{FAE04EC0-301F-11D3-BF4B-00C04F79EFBC}") = "axldoc", "axldoc.csproj", "{589C7840-07AA-4647-AB82-294C24CF9C15}"
EndProject
Project("{FAE04EC0-301F-11D3-BF4B-00C04F79EFBC}") = "axlcopy", "axlcopy.csproj", "{DD1691F9-1F67-4717-8E89-A5B8BD296FAF}"
EndProject
Project("{FAE04EC0-301F-11D3-BF4B-00C04F79EFBC}") = "axl2ccT4", "Arcane.Axl.T4\axl2ccT4.csproj", "{4662BA68-2614-4931-A312-FDA08993D054}"
EndProject
Global
	GlobalSection(SolutionConfigurationPlatforms) = preSolution
		Debug|Any CPU = Debug|Any CPU
		Release|Any CPU = Release|Any CPU
	EndGlobalSection
	GlobalSection(ProjectConfigurationPlatforms) = postSolution
		{4662BA68-2614-4931-A312-FDA08993D054}.Debug|Any CPU.ActiveCfg = Debug|Any CPU
		{4662BA68-2614-4931-A312-FDA08993D054}.Debug|Any CPU.Build.0 = Debug|Any CPU
		{4662BA68-2614-4931-A312-FDA08993D054}.Release|Any CPU.ActiveCfg = Release|Any CPU
		{4662BA68-2614-4931-A312-FDA08993D054}.Release|Any CPU.Build.0 = Release|Any CPU
		{589C7840-07AA-4647-AB82-294C24CF9C15}.Debug|Any CPU.ActiveCfg = Debug|Any CPU
		{589C7840-07AA-4647-AB82-294C24CF9C15}.Debug|Any CPU.Build.0 = Debug|Any CPU
		{589C7840-07AA-4647-AB82-294C24CF9C15}.Release|Any CPU.ActiveCfg = Release|Any CPU
		{589C7840-07AA-4647-AB82-294C24CF9C15}.Release|Any CPU.Build.0 = Release|Any CPU
		{76B51885-D1BB-4C67-AD32-DCF21970BDB8}.Debug|Any CPU.ActiveCfg = Debug|Any CPU
		{76B51885-D1BB-4C67-AD32-DCF21970BDB8}.Debug|Any CPU.Build.0 = Debug|Any CPU
		{76B51885-D1BB-4C67-AD32-DCF21970BDB8}.Release|Any CPU.ActiveCfg = Release|Any CPU
		{76B51885-D1BB-4C67-AD32-DCF21970BDB8}.Release|Any CPU.Build.0 = Release|Any CPU
		{968C9E40-15DB-4AA9-9E45-82FD64C4AC5D}.Debug|Any CPU.ActiveCfg = Debug|Any CPU
		{968C9E40-15DB-4AA9-9E45-82FD64C4AC5D}.Debug|Any CPU.Build.0 = Debug|Any CPU
		{968C9E40-15DB-4AA9-9E45-82FD64C4AC5D}.Release|Any CPU.ActiveCfg = Release|Any CPU
		{968C9E40-15DB-4AA9-9E45-82FD64C4AC5D}.Release|Any CPU.Build.0 = Release|Any CPU
		{DD1691F9-1F67-4717-8E89-A5B8BD296FAF}.Debug|Any CPU.ActiveCfg = Debug|Any CPU
		{DD1691F9-1F67-4717-8E89-A5B8BD296FAF}.Debug|Any CPU.Build.0 = Debug|Any CPU
		{DD1691F9-1F67-4717-8E89-A5B8BD296FAF}.Release|Any CPU.ActiveCfg = Release|Any CPU
		{DD1691F9-1F67-4717-8E89-A5B8BD296FAF}.Release|Any CPU.Build.0 = Release|Any CPU
	EndGlobalSection
	GlobalSection(MonoDevelopProperties) = preSolution
		StartupItem = Arcane.Axl.T4\axl2ccT4.csproj
		Policies = $0
		$0.DotNetNamingPolicy = $1
		$1.DirectoryNamespaceAssociation = None
		$1.ResourceNamePolicy = FileFormatDefault
		$0.TextStylePolicy = $2
		$2.FileWidth = 120
		$2.TabWidth = 2
		$2.IndentWidth = 2
		$2.inheritsSet = VisualStudio
		$2.inheritsScope = text/plain
		$2.scope = text/x-csharp
		$0.CSharpFormattingPolicy = $3
		$3.ElseIfNewLinePlacement = SameLine
		$3.AfterDelegateDeclarationParameterComma = True
		$3.inheritsSet = Mono
		$3.inheritsScope = text/x-csharp
		$3.scope = text/x-csharp
	EndGlobalSection
EndGlobal
